
Microsoft Visual Studio Solution File, Format Version 12.00
# Visual Studio 15
Project("{FAE04EC0-301F-11D3-BF4B-00C04F79EFBC}") = "UnityEngine.TestRunner", "UnityEngine.TestRunner.csproj", "{BA326D14-0673-46E9-D168-034E9207F9AF}"
EndProject
Project("{FAE04EC0-301F-11D3-BF4B-00C04F79EFBC}") = "Unity.Mathematics", "Unity.Mathematics.csproj", "{51193FF2-219F-ACA8-A123-5C32840F2ED3}"
EndProject
Project("{FAE04EC0-301F-11D3-BF4B-00C04F79EFBC}") = "Unity.2D.Animation.Triangle.Runtime", "Unity.2D.Animation.Triangle.Runtime.csproj", "{A9166A40-C9F4-5E76-2CB9-36B545AF0254}"
EndProject
Project("{FAE04EC0-301F-11D3-BF4B-00C04F79EFBC}") = "Unity.Timeline", "Unity.Timeline.csproj", "{4CD7D63A-09EE-E4EC-D95C-BEE9F985F112}"
EndProject
Project("{FAE04EC0-301F-11D3-BF4B-00C04F79EFBC}") = "UnityEngine.UI", "UnityEngine.UI.csproj", "{8F908FBA-2A67-1889-7F59-174E25BC0CC3}"
EndProject
Project("{FAE04EC0-301F-11D3-BF4B-00C04F79EFBC}") = "Cinemachine", "Cinemachine.csproj", "{A320E488-5DDD-9529-7FD2-92356D999551}"
EndProject
Project("{FAE04EC0-301F-11D3-BF4B-00C04F79EFBC}") = "Unity.TextMeshPro", "Unity.TextMeshPro.csproj", "{CB75229F-2551-8065-A257-DA06F2F3946E}"
EndProject
Project("{FAE04EC0-301F-11D3-BF4B-00C04F79EFBC}") = "Unity.2D.Animation.Runtime", "Unity.2D.Animation.Runtime.csproj", "{CE0B92DA-B2E5-320B-2B07-0C2AF7DCCFC1}"
EndProject
Project("{FAE04EC0-301F-11D3-BF4B-00C04F79EFBC}") = "Unity.2D.IK.Runtime", "Unity.2D.IK.Runtime.csproj", "{BCF7DB03-E9D5-9939-0A19-822D0977B035}"
EndProject
Project("{FAE04EC0-301F-11D3-BF4B-00C04F79EFBC}") = "Unity.2D.SpriteShape.Runtime", "Unity.2D.SpriteShape.Runtime.csproj", "{11B1C255-D72E-2913-83F5-8A25EEAAD011}"
EndProject
Project("{FAE04EC0-301F-11D3-BF4B-00C04F79EFBC}") = "Unity.2D.PixelPerfect", "Unity.2D.PixelPerfect.csproj", "{27A1C958-6B01-3FDD-A67B-5A4736418167}"
EndProject
Project("{FAE04EC0-301F-11D3-BF4B-00C04F79EFBC}") = "Assembly-CSharp", "Assembly-CSharp.csproj", "{748821FC-CAB9-E457-3C7C-31A79D204A53}"
EndProject
Project("{FAE04EC0-301F-11D3-BF4B-00C04F79EFBC}") = "Unity.2D.Common.Runtime", "Unity.2D.Common.Runtime.csproj", "{54854AD0-2AD9-C1E2-4B2D-7FA500366D11}"
EndProject
Project("{FAE04EC0-301F-11D3-BF4B-00C04F79EFBC}") = "Unity.InternalAPIEngineBridge.001", "Unity.InternalAPIEngineBridge.001.csproj", "{707074C8-150A-FD5F-4AC6-A86716542305}"
EndProject
Project("{FAE04EC0-301F-11D3-BF4B-00C04F79EFBC}") = "UnityEditor.TestRunner", "UnityEditor.TestRunner.csproj", "{105E6085-8270-3697-090A-7D429B87DC08}"
EndProject
Project("{FAE04EC0-301F-11D3-BF4B-00C04F79EFBC}") = "UnityEditor.UI", "UnityEditor.UI.csproj", "{8C97F05F-7169-0902-BBC5-9059F1E8E0CD}"
EndProject
Project("{FAE04EC0-301F-11D3-BF4B-00C04F79EFBC}") = "Unity.Timeline.Editor", "Unity.Timeline.Editor.csproj", "{75A4F819-C263-EFF9-E9F9-CDD5C957688C}"
EndProject
Project("{FAE04EC0-301F-11D3-BF4B-00C04F79EFBC}") = "Unity.VisualStudio.Editor", "Unity.VisualStudio.Editor.csproj", "{09CCECB6-4757-FF50-9F12-F101C6927F0E}"
EndProject
Project("{FAE04EC0-301F-11D3-BF4B-00C04F79EFBC}") = "com.unity.cinemachine.editor", "com.unity.cinemachine.editor.csproj", "{D7093883-F53F-DB5D-3045-AAE89082EA25}"
EndProject
Project("{FAE04EC0-301F-11D3-BF4B-00C04F79EFBC}") = "Unity.2D.Psdimporter.Editor", "Unity.2D.Psdimporter.Editor.csproj", "{89964150-2658-D781-0352-F8A3020F370D}"
EndProject
Project("{FAE04EC0-301F-11D3-BF4B-00C04F79EFBC}") = "Unity.2D.Animation.Editor", "Unity.2D.Animation.Editor.csproj", "{0D71616A-2523-84E3-84BA-7A82AAC035D2}"
EndProject
Project("{FAE04EC0-301F-11D3-BF4B-00C04F79EFBC}") = "Unity.TextMeshPro.Editor", "Unity.TextMeshPro.Editor.csproj", "{85D389A8-D0D7-0C60-9FB9-F0FB9B275ACD}"
EndProject
Project("{FAE04EC0-301F-11D3-BF4B-00C04F79EFBC}") = "Unity.2D.SpriteShape.Editor", "Unity.2D.SpriteShape.Editor.csproj", "{D2614EDC-316E-646B-7D86-A48ADE158CC3}"
EndProject
Project("{FAE04EC0-301F-11D3-BF4B-00C04F79EFBC}") = "Unity.CollabProxy.Editor", "Unity.CollabProxy.Editor.csproj", "{B5F35998-6AA6-A8E3-C835-F9D40D649142}"
EndProject
Project("{FAE04EC0-301F-11D3-BF4B-00C04F79EFBC}") = "PsdPlugin", "PsdPlugin.csproj", "{440596EA-5114-39ED-A8CA-0A415D833833}"
EndProject
Project("{FAE04EC0-301F-11D3-BF4B-00C04F79EFBC}") = "Unity.2D.Path.Editor", "Unity.2D.Path.Editor.csproj", "{A7A15F4B-9122-BCD8-186A-00CBDCE64149}"
EndProject
Project("{FAE04EC0-301F-11D3-BF4B-00C04F79EFBC}") = "Unity.Rider.Editor", "Unity.Rider.Editor.csproj", "{BB5616A8-2C93-51A0-3D5F-3F0E1F8A93C2}"
EndProject
Project("{FAE04EC0-301F-11D3-BF4B-00C04F79EFBC}") = "Unity.2D.IK.Editor", "Unity.2D.IK.Editor.csproj", "{5C437670-217B-94E2-6597-D87D47F768E2}"
EndProject
Project("{FAE04EC0-301F-11D3-BF4B-00C04F79EFBC}") = "Unity.2D.Sprite.Editor", "Unity.2D.Sprite.Editor.csproj", "{477C3343-3021-88B4-B3F3-1B8899CA3DA6}"
EndProject
Project("{FAE04EC0-301F-11D3-BF4B-00C04F79EFBC}") = "Unity.2D.Tilemap.Editor", "Unity.2D.Tilemap.Editor.csproj", "{B3B64014-74D3-338D-1DE5-3FD9CBED4D2C}"
EndProject
Project("{FAE04EC0-301F-11D3-BF4B-00C04F79EFBC}") = "Unity.2D.PixelPerfect.Editor", "Unity.2D.PixelPerfect.Editor.csproj", "{FA2C6F09-7A00-2032-C96F-92455836CBDA}"
EndProject
Project("{FAE04EC0-301F-11D3-BF4B-00C04F79EFBC}") = "Unity.VSCode.Editor", "Unity.VSCode.Editor.csproj", "{A7C437DB-67A5-B8F3-65CE-B9993A698FB0}"
EndProject
Project("{FAE04EC0-301F-11D3-BF4B-00C04F79EFBC}") = "Unity.2D.Common.Editor", "Unity.2D.Common.Editor.csproj", "{CEF3F729-3C70-85F7-9D88-37A2B3A745F0}"
EndProject
Project("{FAE04EC0-301F-11D3-BF4B-00C04F79EFBC}") = "Unity.Mathematics.Editor", "Unity.Mathematics.Editor.csproj", "{8B11BA5E-17A1-F598-123E-60B7EEF579BC}"
EndProject
Project("{FAE04EC0-301F-11D3-BF4B-00C04F79EFBC}") = "Unity.InternalAPIEditorBridge.001", "Unity.InternalAPIEditorBridge.001.csproj", "{FEA93424-7D5C-657B-9D6E-27494B6D5033}"
EndProject
Project("{FAE04EC0-301F-11D3-BF4B-00C04F79EFBC}") = "UnityEngine.TestRunner", "UnityEngine.TestRunner.Player.csproj", "{73B0C949-EDE4-7E22-8980-B2EE7B545EB3}"
EndProject
Project("{FAE04EC0-301F-11D3-BF4B-00C04F79EFBC}") = "Unity.Mathematics", "Unity.Mathematics.Player.csproj", "{4D7FD0AF-C587-4396-E4BA-8C3A91B7BF99}"
EndProject
Project("{FAE04EC0-301F-11D3-BF4B-00C04F79EFBC}") = "Unity.2D.Animation.Triangle.Runtime", "Unity.2D.Animation.Triangle.Runtime.Player.csproj", "{EF78FDC1-AB12-1833-6DC8-CAD36AA04B35}"
EndProject
Project("{FAE04EC0-301F-11D3-BF4B-00C04F79EFBC}") = "Unity.Timeline", "Unity.Timeline.Player.csproj", "{08701682-134A-DAE3-2850-20FC7A8304DE}"
EndProject
Project("{FAE04EC0-301F-11D3-BF4B-00C04F79EFBC}") = "UnityEngine.UI", "UnityEngine.UI.Player.csproj", "{516FBA0C-54AF-077A-E22D-FF4E170C846E}"
EndProject
Project("{FAE04EC0-301F-11D3-BF4B-00C04F79EFBC}") = "Cinemachine", "Cinemachine.Player.csproj", "{DB707166-8C2F-3497-6120-BF15E217CA7B}"
EndProject
Project("{FAE04EC0-301F-11D3-BF4B-00C04F79EFBC}") = "Unity.TextMeshPro", "Unity.TextMeshPro.Player.csproj", "{7131018C-C154-2445-D82C-0072568E67A7}"
EndProject
Project("{FAE04EC0-301F-11D3-BF4B-00C04F79EFBC}") = "Unity.2D.Animation.Runtime", "Unity.2D.Animation.Runtime.Player.csproj", "{DD28013D-94DB-E5AE-894E-2147204807FE}"
EndProject
Project("{FAE04EC0-301F-11D3-BF4B-00C04F79EFBC}") = "Unity.2D.IK.Runtime", "Unity.2D.IK.Runtime.Player.csproj", "{B20366A8-4BF7-DC19-8997-87235D7DD2BA}"
EndProject
Project("{FAE04EC0-301F-11D3-BF4B-00C04F79EFBC}") = "Unity.2D.SpriteShape.Runtime", "Unity.2D.SpriteShape.Runtime.Player.csproj", "{B17955E1-9E3B-11EF-E988-54AA5EA15866}"
EndProject
Project("{FAE04EC0-301F-11D3-BF4B-00C04F79EFBC}") = "Unity.2D.PixelPerfect", "Unity.2D.PixelPerfect.Player.csproj", "{E68030B6-E83C-3646-691F-7AB226E74201}"
EndProject
Project("{FAE04EC0-301F-11D3-BF4B-00C04F79EFBC}") = "Assembly-CSharp", "Assembly-CSharp.Player.csproj", "{DB7BF49F-DB88-306D-3073-4B42E789E2C9}"
EndProject
Project("{FAE04EC0-301F-11D3-BF4B-00C04F79EFBC}") = "Unity.2D.Common.Runtime", "Unity.2D.Common.Runtime.Player.csproj", "{8758B7C5-B989-C0DC-F0B6-B4C4A685B0A6}"
EndProject
Project("{FAE04EC0-301F-11D3-BF4B-00C04F79EFBC}") = "Unity.InternalAPIEngineBridge.001", "Unity.InternalAPIEngineBridge.001.Player.csproj", "{C00CA884-CA6C-DA33-9EC8-9F02FFEDC345}"
EndProject
Global
	GlobalSection(SolutionConfigurationPlatforms) = preSolution
		Debug|Any CPU = Debug|Any CPU
		Release|Any CPU = Release|Any CPU
	EndGlobalSection
	GlobalSection(ProjectConfigurationPlatforms) = postSolution
		{BA326D14-0673-46E9-D168-034E9207F9AF}.Debug|Any CPU.ActiveCfg = Debug|Any CPU
		{BA326D14-0673-46E9-D168-034E9207F9AF}.Debug|Any CPU.Build.0 = Debug|Any CPU
		{BA326D14-0673-46E9-D168-034E9207F9AF}.Release|Any CPU.ActiveCfg = Release|Any CPU
		{BA326D14-0673-46E9-D168-034E9207F9AF}.Release|Any CPU.Build.0 = Release|Any CPU
		{51193FF2-219F-ACA8-A123-5C32840F2ED3}.Debug|Any CPU.ActiveCfg = Debug|Any CPU
		{51193FF2-219F-ACA8-A123-5C32840F2ED3}.Debug|Any CPU.Build.0 = Debug|Any CPU
		{51193FF2-219F-ACA8-A123-5C32840F2ED3}.Release|Any CPU.ActiveCfg = Release|Any CPU
		{51193FF2-219F-ACA8-A123-5C32840F2ED3}.Release|Any CPU.Build.0 = Release|Any CPU
		{A9166A40-C9F4-5E76-2CB9-36B545AF0254}.Debug|Any CPU.ActiveCfg = Debug|Any CPU
		{A9166A40-C9F4-5E76-2CB9-36B545AF0254}.Debug|Any CPU.Build.0 = Debug|Any CPU
		{A9166A40-C9F4-5E76-2CB9-36B545AF0254}.Release|Any CPU.ActiveCfg = Release|Any CPU
		{A9166A40-C9F4-5E76-2CB9-36B545AF0254}.Release|Any CPU.Build.0 = Release|Any CPU
		{4CD7D63A-09EE-E4EC-D95C-BEE9F985F112}.Debug|Any CPU.ActiveCfg = Debug|Any CPU
		{4CD7D63A-09EE-E4EC-D95C-BEE9F985F112}.Debug|Any CPU.Build.0 = Debug|Any CPU
		{4CD7D63A-09EE-E4EC-D95C-BEE9F985F112}.Release|Any CPU.ActiveCfg = Release|Any CPU
		{4CD7D63A-09EE-E4EC-D95C-BEE9F985F112}.Release|Any CPU.Build.0 = Release|Any CPU
		{8F908FBA-2A67-1889-7F59-174E25BC0CC3}.Debug|Any CPU.ActiveCfg = Debug|Any CPU
		{8F908FBA-2A67-1889-7F59-174E25BC0CC3}.Debug|Any CPU.Build.0 = Debug|Any CPU
		{8F908FBA-2A67-1889-7F59-174E25BC0CC3}.Release|Any CPU.ActiveCfg = Release|Any CPU
		{8F908FBA-2A67-1889-7F59-174E25BC0CC3}.Release|Any CPU.Build.0 = Release|Any CPU
		{A320E488-5DDD-9529-7FD2-92356D999551}.Debug|Any CPU.ActiveCfg = Debug|Any CPU
		{A320E488-5DDD-9529-7FD2-92356D999551}.Debug|Any CPU.Build.0 = Debug|Any CPU
		{A320E488-5DDD-9529-7FD2-92356D999551}.Release|Any CPU.ActiveCfg = Release|Any CPU
		{A320E488-5DDD-9529-7FD2-92356D999551}.Release|Any CPU.Build.0 = Release|Any CPU
		{CB75229F-2551-8065-A257-DA06F2F3946E}.Debug|Any CPU.ActiveCfg = Debug|Any CPU
		{CB75229F-2551-8065-A257-DA06F2F3946E}.Debug|Any CPU.Build.0 = Debug|Any CPU
		{CB75229F-2551-8065-A257-DA06F2F3946E}.Release|Any CPU.ActiveCfg = Release|Any CPU
		{CB75229F-2551-8065-A257-DA06F2F3946E}.Release|Any CPU.Build.0 = Release|Any CPU
		{CE0B92DA-B2E5-320B-2B07-0C2AF7DCCFC1}.Debug|Any CPU.ActiveCfg = Debug|Any CPU
		{CE0B92DA-B2E5-320B-2B07-0C2AF7DCCFC1}.Debug|Any CPU.Build.0 = Debug|Any CPU
		{CE0B92DA-B2E5-320B-2B07-0C2AF7DCCFC1}.Release|Any CPU.ActiveCfg = Release|Any CPU
		{CE0B92DA-B2E5-320B-2B07-0C2AF7DCCFC1}.Release|Any CPU.Build.0 = Release|Any CPU
		{BCF7DB03-E9D5-9939-0A19-822D0977B035}.Debug|Any CPU.ActiveCfg = Debug|Any CPU
		{BCF7DB03-E9D5-9939-0A19-822D0977B035}.Debug|Any CPU.Build.0 = Debug|Any CPU
		{BCF7DB03-E9D5-9939-0A19-822D0977B035}.Release|Any CPU.ActiveCfg = Release|Any CPU
		{BCF7DB03-E9D5-9939-0A19-822D0977B035}.Release|Any CPU.Build.0 = Release|Any CPU
		{11B1C255-D72E-2913-83F5-8A25EEAAD011}.Debug|Any CPU.ActiveCfg = Debug|Any CPU
		{11B1C255-D72E-2913-83F5-8A25EEAAD011}.Debug|Any CPU.Build.0 = Debug|Any CPU
		{11B1C255-D72E-2913-83F5-8A25EEAAD011}.Release|Any CPU.ActiveCfg = Release|Any CPU
		{11B1C255-D72E-2913-83F5-8A25EEAAD011}.Release|Any CPU.Build.0 = Release|Any CPU
		{27A1C958-6B01-3FDD-A67B-5A4736418167}.Debug|Any CPU.ActiveCfg = Debug|Any CPU
		{27A1C958-6B01-3FDD-A67B-5A4736418167}.Debug|Any CPU.Build.0 = Debug|Any CPU
		{27A1C958-6B01-3FDD-A67B-5A4736418167}.Release|Any CPU.ActiveCfg = Release|Any CPU
		{27A1C958-6B01-3FDD-A67B-5A4736418167}.Release|Any CPU.Build.0 = Release|Any CPU
		{748821FC-CAB9-E457-3C7C-31A79D204A53}.Debug|Any CPU.ActiveCfg = Debug|Any CPU
		{748821FC-CAB9-E457-3C7C-31A79D204A53}.Debug|Any CPU.Build.0 = Debug|Any CPU
		{748821FC-CAB9-E457-3C7C-31A79D204A53}.Release|Any CPU.ActiveCfg = Release|Any CPU
		{748821FC-CAB9-E457-3C7C-31A79D204A53}.Release|Any CPU.Build.0 = Release|Any CPU
		{54854AD0-2AD9-C1E2-4B2D-7FA500366D11}.Debug|Any CPU.ActiveCfg = Debug|Any CPU
		{54854AD0-2AD9-C1E2-4B2D-7FA500366D11}.Debug|Any CPU.Build.0 = Debug|Any CPU
		{54854AD0-2AD9-C1E2-4B2D-7FA500366D11}.Release|Any CPU.ActiveCfg = Release|Any CPU
		{54854AD0-2AD9-C1E2-4B2D-7FA500366D11}.Release|Any CPU.Build.0 = Release|Any CPU
		{707074C8-150A-FD5F-4AC6-A86716542305}.Debug|Any CPU.ActiveCfg = Debug|Any CPU
		{707074C8-150A-FD5F-4AC6-A86716542305}.Debug|Any CPU.Build.0 = Debug|Any CPU
		{707074C8-150A-FD5F-4AC6-A86716542305}.Release|Any CPU.ActiveCfg = Release|Any CPU
		{707074C8-150A-FD5F-4AC6-A86716542305}.Release|Any CPU.Build.0 = Release|Any CPU
		{105E6085-8270-3697-090A-7D429B87DC08}.Debug|Any CPU.ActiveCfg = Debug|Any CPU
		{105E6085-8270-3697-090A-7D429B87DC08}.Debug|Any CPU.Build.0 = Debug|Any CPU
		{105E6085-8270-3697-090A-7D429B87DC08}.Release|Any CPU.ActiveCfg = Release|Any CPU
		{105E6085-8270-3697-090A-7D429B87DC08}.Release|Any CPU.Build.0 = Release|Any CPU
		{8C97F05F-7169-0902-BBC5-9059F1E8E0CD}.Debug|Any CPU.ActiveCfg = Debug|Any CPU
		{8C97F05F-7169-0902-BBC5-9059F1E8E0CD}.Debug|Any CPU.Build.0 = Debug|Any CPU
		{8C97F05F-7169-0902-BBC5-9059F1E8E0CD}.Release|Any CPU.ActiveCfg = Release|Any CPU
		{8C97F05F-7169-0902-BBC5-9059F1E8E0CD}.Release|Any CPU.Build.0 = Release|Any CPU
		{75A4F819-C263-EFF9-E9F9-CDD5C957688C}.Debug|Any CPU.ActiveCfg = Debug|Any CPU
		{75A4F819-C263-EFF9-E9F9-CDD5C957688C}.Debug|Any CPU.Build.0 = Debug|Any CPU
		{75A4F819-C263-EFF9-E9F9-CDD5C957688C}.Release|Any CPU.ActiveCfg = Release|Any CPU
		{75A4F819-C263-EFF9-E9F9-CDD5C957688C}.Release|Any CPU.Build.0 = Release|Any CPU
		{09CCECB6-4757-FF50-9F12-F101C6927F0E}.Debug|Any CPU.ActiveCfg = Debug|Any CPU
		{09CCECB6-4757-FF50-9F12-F101C6927F0E}.Debug|Any CPU.Build.0 = Debug|Any CPU
		{09CCECB6-4757-FF50-9F12-F101C6927F0E}.Release|Any CPU.ActiveCfg = Release|Any CPU
		{09CCECB6-4757-FF50-9F12-F101C6927F0E}.Release|Any CPU.Build.0 = Release|Any CPU
		{D7093883-F53F-DB5D-3045-AAE89082EA25}.Debug|Any CPU.ActiveCfg = Debug|Any CPU
		{D7093883-F53F-DB5D-3045-AAE89082EA25}.Debug|Any CPU.Build.0 = Debug|Any CPU
		{D7093883-F53F-DB5D-3045-AAE89082EA25}.Release|Any CPU.ActiveCfg = Release|Any CPU
		{D7093883-F53F-DB5D-3045-AAE89082EA25}.Release|Any CPU.Build.0 = Release|Any CPU
		{89964150-2658-D781-0352-F8A3020F370D}.Debug|Any CPU.ActiveCfg = Debug|Any CPU
		{89964150-2658-D781-0352-F8A3020F370D}.Debug|Any CPU.Build.0 = Debug|Any CPU
		{89964150-2658-D781-0352-F8A3020F370D}.Release|Any CPU.ActiveCfg = Release|Any CPU
		{89964150-2658-D781-0352-F8A3020F370D}.Release|Any CPU.Build.0 = Release|Any CPU
		{0D71616A-2523-84E3-84BA-7A82AAC035D2}.Debug|Any CPU.ActiveCfg = Debug|Any CPU
		{0D71616A-2523-84E3-84BA-7A82AAC035D2}.Debug|Any CPU.Build.0 = Debug|Any CPU
		{0D71616A-2523-84E3-84BA-7A82AAC035D2}.Release|Any CPU.ActiveCfg = Release|Any CPU
		{0D71616A-2523-84E3-84BA-7A82AAC035D2}.Release|Any CPU.Build.0 = Release|Any CPU
		{85D389A8-D0D7-0C60-9FB9-F0FB9B275ACD}.Debug|Any CPU.ActiveCfg = Debug|Any CPU
		{85D389A8-D0D7-0C60-9FB9-F0FB9B275ACD}.Debug|Any CPU.Build.0 = Debug|Any CPU
		{85D389A8-D0D7-0C60-9FB9-F0FB9B275ACD}.Release|Any CPU.ActiveCfg = Release|Any CPU
		{85D389A8-D0D7-0C60-9FB9-F0FB9B275ACD}.Release|Any CPU.Build.0 = Release|Any CPU
		{D2614EDC-316E-646B-7D86-A48ADE158CC3}.Debug|Any CPU.ActiveCfg = Debug|Any CPU
		{D2614EDC-316E-646B-7D86-A48ADE158CC3}.Debug|Any CPU.Build.0 = Debug|Any CPU
		{D2614EDC-316E-646B-7D86-A48ADE158CC3}.Release|Any CPU.ActiveCfg = Release|Any CPU
		{D2614EDC-316E-646B-7D86-A48ADE158CC3}.Release|Any CPU.Build.0 = Release|Any CPU
		{B5F35998-6AA6-A8E3-C835-F9D40D649142}.Debug|Any CPU.ActiveCfg = Debug|Any CPU
		{B5F35998-6AA6-A8E3-C835-F9D40D649142}.Debug|Any CPU.Build.0 = Debug|Any CPU
		{B5F35998-6AA6-A8E3-C835-F9D40D649142}.Release|Any CPU.ActiveCfg = Release|Any CPU
		{B5F35998-6AA6-A8E3-C835-F9D40D649142}.Release|Any CPU.Build.0 = Release|Any CPU
		{440596EA-5114-39ED-A8CA-0A415D833833}.Debug|Any CPU.ActiveCfg = Debug|Any CPU
		{440596EA-5114-39ED-A8CA-0A415D833833}.Debug|Any CPU.Build.0 = Debug|Any CPU
		{440596EA-5114-39ED-A8CA-0A415D833833}.Release|Any CPU.ActiveCfg = Release|Any CPU
		{440596EA-5114-39ED-A8CA-0A415D833833}.Release|Any CPU.Build.0 = Release|Any CPU
		{A7A15F4B-9122-BCD8-186A-00CBDCE64149}.Debug|Any CPU.ActiveCfg = Debug|Any CPU
		{A7A15F4B-9122-BCD8-186A-00CBDCE64149}.Debug|Any CPU.Build.0 = Debug|Any CPU
		{A7A15F4B-9122-BCD8-186A-00CBDCE64149}.Release|Any CPU.ActiveCfg = Release|Any CPU
		{A7A15F4B-9122-BCD8-186A-00CBDCE64149}.Release|Any CPU.Build.0 = Release|Any CPU
		{BB5616A8-2C93-51A0-3D5F-3F0E1F8A93C2}.Debug|Any CPU.ActiveCfg = Debug|Any CPU
		{BB5616A8-2C93-51A0-3D5F-3F0E1F8A93C2}.Debug|Any CPU.Build.0 = Debug|Any CPU
		{BB5616A8-2C93-51A0-3D5F-3F0E1F8A93C2}.Release|Any CPU.ActiveCfg = Release|Any CPU
		{BB5616A8-2C93-51A0-3D5F-3F0E1F8A93C2}.Release|Any CPU.Build.0 = Release|Any CPU
		{5C437670-217B-94E2-6597-D87D47F768E2}.Debug|Any CPU.ActiveCfg = Debug|Any CPU
		{5C437670-217B-94E2-6597-D87D47F768E2}.Debug|Any CPU.Build.0 = Debug|Any CPU
		{5C437670-217B-94E2-6597-D87D47F768E2}.Release|Any CPU.ActiveCfg = Release|Any CPU
		{5C437670-217B-94E2-6597-D87D47F768E2}.Release|Any CPU.Build.0 = Release|Any CPU
		{477C3343-3021-88B4-B3F3-1B8899CA3DA6}.Debug|Any CPU.ActiveCfg = Debug|Any CPU
		{477C3343-3021-88B4-B3F3-1B8899CA3DA6}.Debug|Any CPU.Build.0 = Debug|Any CPU
		{477C3343-3021-88B4-B3F3-1B8899CA3DA6}.Release|Any CPU.ActiveCfg = Release|Any CPU
		{477C3343-3021-88B4-B3F3-1B8899CA3DA6}.Release|Any CPU.Build.0 = Release|Any CPU
		{B3B64014-74D3-338D-1DE5-3FD9CBED4D2C}.Debug|Any CPU.ActiveCfg = Debug|Any CPU
		{B3B64014-74D3-338D-1DE5-3FD9CBED4D2C}.Debug|Any CPU.Build.0 = Debug|Any CPU
		{B3B64014-74D3-338D-1DE5-3FD9CBED4D2C}.Release|Any CPU.ActiveCfg = Release|Any CPU
		{B3B64014-74D3-338D-1DE5-3FD9CBED4D2C}.Release|Any CPU.Build.0 = Release|Any CPU
		{FA2C6F09-7A00-2032-C96F-92455836CBDA}.Debug|Any CPU.ActiveCfg = Debug|Any CPU
		{FA2C6F09-7A00-2032-C96F-92455836CBDA}.Debug|Any CPU.Build.0 = Debug|Any CPU
		{FA2C6F09-7A00-2032-C96F-92455836CBDA}.Release|Any CPU.ActiveCfg = Release|Any CPU
		{FA2C6F09-7A00-2032-C96F-92455836CBDA}.Release|Any CPU.Build.0 = Release|Any CPU
		{A7C437DB-67A5-B8F3-65CE-B9993A698FB0}.Debug|Any CPU.ActiveCfg = Debug|Any CPU
		{A7C437DB-67A5-B8F3-65CE-B9993A698FB0}.Debug|Any CPU.Build.0 = Debug|Any CPU
		{A7C437DB-67A5-B8F3-65CE-B9993A698FB0}.Release|Any CPU.ActiveCfg = Release|Any CPU
		{A7C437DB-67A5-B8F3-65CE-B9993A698FB0}.Release|Any CPU.Build.0 = Release|Any CPU
		{CEF3F729-3C70-85F7-9D88-37A2B3A745F0}.Debug|Any CPU.ActiveCfg = Debug|Any CPU
		{CEF3F729-3C70-85F7-9D88-37A2B3A745F0}.Debug|Any CPU.Build.0 = Debug|Any CPU
		{CEF3F729-3C70-85F7-9D88-37A2B3A745F0}.Release|Any CPU.ActiveCfg = Release|Any CPU
		{CEF3F729-3C70-85F7-9D88-37A2B3A745F0}.Release|Any CPU.Build.0 = Release|Any CPU
		{8B11BA5E-17A1-F598-123E-60B7EEF579BC}.Debug|Any CPU.ActiveCfg = Debug|Any CPU
		{8B11BA5E-17A1-F598-123E-60B7EEF579BC}.Debug|Any CPU.Build.0 = Debug|Any CPU
		{8B11BA5E-17A1-F598-123E-60B7EEF579BC}.Release|Any CPU.ActiveCfg = Release|Any CPU
		{8B11BA5E-17A1-F598-123E-60B7EEF579BC}.Release|Any CPU.Build.0 = Release|Any CPU
		{FEA93424-7D5C-657B-9D6E-27494B6D5033}.Debug|Any CPU.ActiveCfg = Debug|Any CPU
		{FEA93424-7D5C-657B-9D6E-27494B6D5033}.Debug|Any CPU.Build.0 = Debug|Any CPU
		{FEA93424-7D5C-657B-9D6E-27494B6D5033}.Release|Any CPU.ActiveCfg = Release|Any CPU
		{FEA93424-7D5C-657B-9D6E-27494B6D5033}.Release|Any CPU.Build.0 = Release|Any CPU
		{73B0C949-EDE4-7E22-8980-B2EE7B545EB3}.Debug|Any CPU.ActiveCfg = Debug|Any CPU
		{73B0C949-EDE4-7E22-8980-B2EE7B545EB3}.Debug|Any CPU.Build.0 = Debug|Any CPU
		{73B0C949-EDE4-7E22-8980-B2EE7B545EB3}.Release|Any CPU.ActiveCfg = Release|Any CPU
		{73B0C949-EDE4-7E22-8980-B2EE7B545EB3}.Release|Any CPU.Build.0 = Release|Any CPU
		{4D7FD0AF-C587-4396-E4BA-8C3A91B7BF99}.Debug|Any CPU.ActiveCfg = Debug|Any CPU
		{4D7FD0AF-C587-4396-E4BA-8C3A91B7BF99}.Debug|Any CPU.Build.0 = Debug|Any CPU
		{4D7FD0AF-C587-4396-E4BA-8C3A91B7BF99}.Release|Any CPU.ActiveCfg = Release|Any CPU
		{4D7FD0AF-C587-4396-E4BA-8C3A91B7BF99}.Release|Any CPU.Build.0 = Release|Any CPU
		{EF78FDC1-AB12-1833-6DC8-CAD36AA04B35}.Debug|Any CPU.ActiveCfg = Debug|Any CPU
		{EF78FDC1-AB12-1833-6DC8-CAD36AA04B35}.Debug|Any CPU.Build.0 = Debug|Any CPU
		{EF78FDC1-AB12-1833-6DC8-CAD36AA04B35}.Release|Any CPU.ActiveCfg = Release|Any CPU
		{EF78FDC1-AB12-1833-6DC8-CAD36AA04B35}.Release|Any CPU.Build.0 = Release|Any CPU
		{08701682-134A-DAE3-2850-20FC7A8304DE}.Debug|Any CPU.ActiveCfg = Debug|Any CPU
		{08701682-134A-DAE3-2850-20FC7A8304DE}.Debug|Any CPU.Build.0 = Debug|Any CPU
		{08701682-134A-DAE3-2850-20FC7A8304DE}.Release|Any CPU.ActiveCfg = Release|Any CPU
		{08701682-134A-DAE3-2850-20FC7A8304DE}.Release|Any CPU.Build.0 = Release|Any CPU
		{516FBA0C-54AF-077A-E22D-FF4E170C846E}.Debug|Any CPU.ActiveCfg = Debug|Any CPU
		{516FBA0C-54AF-077A-E22D-FF4E170C846E}.Debug|Any CPU.Build.0 = Debug|Any CPU
		{516FBA0C-54AF-077A-E22D-FF4E170C846E}.Release|Any CPU.ActiveCfg = Release|Any CPU
		{516FBA0C-54AF-077A-E22D-FF4E170C846E}.Release|Any CPU.Build.0 = Release|Any CPU
		{DB707166-8C2F-3497-6120-BF15E217CA7B}.Debug|Any CPU.ActiveCfg = Debug|Any CPU
		{DB707166-8C2F-3497-6120-BF15E217CA7B}.Debug|Any CPU.Build.0 = Debug|Any CPU
		{DB707166-8C2F-3497-6120-BF15E217CA7B}.Release|Any CPU.ActiveCfg = Release|Any CPU
		{DB707166-8C2F-3497-6120-BF15E217CA7B}.Release|Any CPU.Build.0 = Release|Any CPU
		{7131018C-C154-2445-D82C-0072568E67A7}.Debug|Any CPU.ActiveCfg = Debug|Any CPU
		{7131018C-C154-2445-D82C-0072568E67A7}.Debug|Any CPU.Build.0 = Debug|Any CPU
		{7131018C-C154-2445-D82C-0072568E67A7}.Release|Any CPU.ActiveCfg = Release|Any CPU
		{7131018C-C154-2445-D82C-0072568E67A7}.Release|Any CPU.Build.0 = Release|Any CPU
		{DD28013D-94DB-E5AE-894E-2147204807FE}.Debug|Any CPU.ActiveCfg = Debug|Any CPU
		{DD28013D-94DB-E5AE-894E-2147204807FE}.Debug|Any CPU.Build.0 = Debug|Any CPU
		{DD28013D-94DB-E5AE-894E-2147204807FE}.Release|Any CPU.ActiveCfg = Release|Any CPU
		{DD28013D-94DB-E5AE-894E-2147204807FE}.Release|Any CPU.Build.0 = Release|Any CPU
		{B20366A8-4BF7-DC19-8997-87235D7DD2BA}.Debug|Any CPU.ActiveCfg = Debug|Any CPU
		{B20366A8-4BF7-DC19-8997-87235D7DD2BA}.Debug|Any CPU.Build.0 = Debug|Any CPU
		{B20366A8-4BF7-DC19-8997-87235D7DD2BA}.Release|Any CPU.ActiveCfg = Release|Any CPU
		{B20366A8-4BF7-DC19-8997-87235D7DD2BA}.Release|Any CPU.Build.0 = Release|Any CPU
		{B17955E1-9E3B-11EF-E988-54AA5EA15866}.Debug|Any CPU.ActiveCfg = Debug|Any CPU
		{B17955E1-9E3B-11EF-E988-54AA5EA15866}.Debug|Any CPU.Build.0 = Debug|Any CPU
		{B17955E1-9E3B-11EF-E988-54AA5EA15866}.Release|Any CPU.ActiveCfg = Release|Any CPU
		{B17955E1-9E3B-11EF-E988-54AA5EA15866}.Release|Any CPU.Build.0 = Release|Any CPU
		{E68030B6-E83C-3646-691F-7AB226E74201}.Debug|Any CPU.ActiveCfg = Debug|Any CPU
		{E68030B6-E83C-3646-691F-7AB226E74201}.Debug|Any CPU.Build.0 = Debug|Any CPU
		{E68030B6-E83C-3646-691F-7AB226E74201}.Release|Any CPU.ActiveCfg = Release|Any CPU
		{E68030B6-E83C-3646-691F-7AB226E74201}.Release|Any CPU.Build.0 = Release|Any CPU
		{DB7BF49F-DB88-306D-3073-4B42E789E2C9}.Debug|Any CPU.ActiveCfg = Debug|Any CPU
		{DB7BF49F-DB88-306D-3073-4B42E789E2C9}.Debug|Any CPU.Build.0 = Debug|Any CPU
		{DB7BF49F-DB88-306D-3073-4B42E789E2C9}.Release|Any CPU.ActiveCfg = Release|Any CPU
		{DB7BF49F-DB88-306D-3073-4B42E789E2C9}.Release|Any CPU.Build.0 = Release|Any CPU
		{8758B7C5-B989-C0DC-F0B6-B4C4A685B0A6}.Debug|Any CPU.ActiveCfg = Debug|Any CPU
		{8758B7C5-B989-C0DC-F0B6-B4C4A685B0A6}.Debug|Any CPU.Build.0 = Debug|Any CPU
		{8758B7C5-B989-C0DC-F0B6-B4C4A685B0A6}.Release|Any CPU.ActiveCfg = Release|Any CPU
		{8758B7C5-B989-C0DC-F0B6-B4C4A685B0A6}.Release|Any CPU.Build.0 = Release|Any CPU
		{C00CA884-CA6C-DA33-9EC8-9F02FFEDC345}.Debug|Any CPU.ActiveCfg = Debug|Any CPU
		{C00CA884-CA6C-DA33-9EC8-9F02FFEDC345}.Debug|Any CPU.Build.0 = Debug|Any CPU
		{C00CA884-CA6C-DA33-9EC8-9F02FFEDC345}.Release|Any CPU.ActiveCfg = Release|Any CPU
		{C00CA884-CA6C-DA33-9EC8-9F02FFEDC345}.Release|Any CPU.Build.0 = Release|Any CPU
	EndGlobalSection
	GlobalSection(SolutionProperties) = preSolution
		HideSolutionNode = FALSE
	EndGlobalSection
EndGlobal
